
Microsoft Visual Studio Solution File, Format Version 12.00
# Visual Studio Version 17
VisualStudioVersion = 17.9.34728.123
MinimumVisualStudioVersion = 10.0.40219.1
Project("{FAE04EC0-301F-11D3-BF4B-00C04F79EFBC}") = "DatabaseFirst", "DatabaseFirst\DatabaseFirst.csproj", "{2C62A20E-E514-4244-83E7-E5760E909289}"
EndProject
Global
	GlobalSection(SolutionConfigurationPlatforms) = preSolution
		Debug|Any CPU = Debug|Any CPU
		Release|Any CPU = Release|Any CPU
	EndGlobalSection
	GlobalSection(ProjectConfigurationPlatforms) = postSolution
		{2C62A20E-E514-4244-83E7-E5760E909289}.Debug|Any CPU.ActiveCfg = Debug|Any CPU
		{2C62A20E-E514-4244-83E7-E5760E909289}.Debug|Any CPU.Build.0 = Debug|Any CPU
		{2C62A20E-E514-4244-83E7-E5760E909289}.Release|Any CPU.ActiveCfg = Release|Any CPU
		{2C62A20E-E514-4244-83E7-E5760E909289}.Release|Any CPU.Build.0 = Release|Any CPU
	EndGlobalSection
	GlobalSection(SolutionProperties) = preSolution
		HideSolutionNode = FALSE
	EndGlobalSection
	GlobalSection(ExtensibilityGlobals) = postSolution
		SolutionGuid = {16B132FD-C6E4-4D7E-BA86-0E2038A3B73C}
	EndGlobalSection
EndGlobal
